// !$*UTF8*$!
{
	archiveVersion = 1;
	classes = {
	};
	objectVersion = 56;
	objects = {

/* Begin PBXBuildFile section */
		3018BEB9B5971A8ED59AC2E5 /* Pods_ZHCockpit.framework in Frameworks */ = {isa = PBXBuildFile; fileRef = DFA16225A54664D831D52218 /* Pods_ZHCockpit.framework */; };
		54620EA02B22B3CE002B577C /* AppDelegate.swift in Sources */ = {isa = PBXBuildFile; fileRef = 54620E9F2B22B3CE002B577C /* AppDelegate.swift */; };
		54620EA42B22B3CE002B577C /* ViewController.swift in Sources */ = {isa = PBXBuildFile; fileRef = 54620EA32B22B3CE002B577C /* ViewController.swift */; };
		54620EA92B22B3CF002B577C /* Assets.xcassets in Resources */ = {isa = PBXBuildFile; fileRef = 54620EA82B22B3CF002B577C /* Assets.xcassets */; };
		54620EAC2B22B3CF002B577C /* LaunchScreen.storyboard in Resources */ = {isa = PBXBuildFile; fileRef = 54620EAA2B22B3CF002B577C /* LaunchScreen.storyboard */; };
		54620EB72B22B3CF002B577C /* ZHCockpitTests.swift in Sources */ = {isa = PBXBuildFile; fileRef = 54620EB62B22B3CF002B577C /* ZHCockpitTests.swift */; };
		54620EC12B22B3CF002B577C /* ZHCockpitUITests.swift in Sources */ = {isa = PBXBuildFile; fileRef = 54620EC02B22B3CF002B577C /* ZHCockpitUITests.swift */; };
		54620EC32B22B3CF002B577C /* ZHCockpitUITestsLaunchTests.swift in Sources */ = {isa = PBXBuildFile; fileRef = 54620EC22B22B3CF002B577C /* ZHCockpitUITestsLaunchTests.swift */; };
		54620ED12B22B3E3002B577C /* Extension.swift in Sources */ = {isa = PBXBuildFile; fileRef = 54620ED02B22B3E3002B577C /* Extension.swift */; };
		54620ED42B22B3EC002B577C /* ScreenShieldView.swift in Sources */ = {isa = PBXBuildFile; fileRef = 54620ED32B22B3EC002B577C /* ScreenShieldView.swift */; };
		54620ED62B22B45D002B577C /* File.swift in Sources */ = {isa = PBXBuildFile; fileRef = 54620ED52B22B45C002B577C /* File.swift */; };
/* End PBXBuildFile section */

/* Begin PBXContainerItemProxy section */
		54620EB32B22B3CF002B577C /* PBXContainerItemProxy */ = {
			isa = PBXContainerItemProxy;
			containerPortal = 54620E942B22B3CE002B577C /* Project object */;
			proxyType = 1;
			remoteGlobalIDString = 54620E9B2B22B3CE002B577C;
			remoteInfo = ZHCockpit;
		};
		54620EBD2B22B3CF002B577C /* PBXContainerItemProxy */ = {
			isa = PBXContainerItemProxy;
			containerPortal = 54620E942B22B3CE002B577C /* Project object */;
			proxyType = 1;
			remoteGlobalIDString = 54620E9B2B22B3CE002B577C;
			remoteInfo = ZHCockpit;
		};
/* End PBXContainerItemProxy section */

/* Begin PBXFileReference section */
		1C463DFDA6C49E29513D0D15 /* Pods-ZHCockpit.release.xcconfig */ = {isa = PBXFileReference; includeInIndex = 1; lastKnownFileType = text.xcconfig; name = "Pods-ZHCockpit.release.xcconfig"; path = "Target Support Files/Pods-ZHCockpit/Pods-ZHCockpit.release.xcconfig"; sourceTree = "<group>"; };
		54620E9C2B22B3CE002B577C /* ZHCockpit.app */ = {isa = PBXFileReference; explicitFileType = wrapper.application; includeInIndex = 0; path = ZHCockpit.app; sourceTree = BUILT_PRODUCTS_DIR; };
		54620E9F2B22B3CE002B577C /* AppDelegate.swift */ = {isa = PBXFileReference; lastKnownFileType = sourcecode.swift; path = AppDelegate.swift; sourceTree = "<group>"; };
		54620EA32B22B3CE002B577C /* ViewController.swift */ = {isa = PBXFileReference; lastKnownFileType = sourcecode.swift; path = ViewController.swift; sourceTree = "<group>"; };
		54620EA82B22B3CF002B577C /* Assets.xcassets */ = {isa = PBXFileReference; lastKnownFileType = folder.assetcatalog; path = Assets.xcassets; sourceTree = "<group>"; };
		54620EAB2B22B3CF002B577C /* Base */ = {isa = PBXFileReference; lastKnownFileType = file.storyboard; name = Base; path = Base.lproj/LaunchScreen.storyboard; sourceTree = "<group>"; };
		54620EAD2B22B3CF002B577C /* Info.plist */ = {isa = PBXFileReference; lastKnownFileType = text.plist.xml; path = Info.plist; sourceTree = "<group>"; };
		54620EB22B22B3CF002B577C /* ZHCockpitTests.xctest */ = {isa = PBXFileReference; explicitFileType = wrapper.cfbundle; includeInIndex = 0; path = ZHCockpitTests.xctest; sourceTree = BUILT_PRODUCTS_DIR; };
		54620EB62B22B3CF002B577C /* ZHCockpitTests.swift */ = {isa = PBXFileReference; lastKnownFileType = sourcecode.swift; path = ZHCockpitTests.swift; sourceTree = "<group>"; };
		54620EBC2B22B3CF002B577C /* ZHCockpitUITests.xctest */ = {isa = PBXFileReference; explicitFileType = wrapper.cfbundle; includeInIndex = 0; path = ZHCockpitUITests.xctest; sourceTree = BUILT_PRODUCTS_DIR; };
		54620EC02B22B3CF002B577C /* ZHCockpitUITests.swift */ = {isa = PBXFileReference; lastKnownFileType = sourcecode.swift; path = ZHCockpitUITests.swift; sourceTree = "<group>"; };
		54620EC22B22B3CF002B577C /* ZHCockpitUITestsLaunchTests.swift */ = {isa = PBXFileReference; lastKnownFileType = sourcecode.swift; path = ZHCockpitUITestsLaunchTests.swift; sourceTree = "<group>"; };
		54620ED02B22B3E3002B577C /* Extension.swift */ = {isa = PBXFileReference; fileEncoding = 4; lastKnownFileType = sourcecode.swift; path = Extension.swift; sourceTree = "<group>"; };
		54620ED32B22B3EC002B577C /* ScreenShieldView.swift */ = {isa = PBXFileReference; fileEncoding = 4; lastKnownFileType = sourcecode.swift; path = ScreenShieldView.swift; sourceTree = "<group>"; };
		54620ED52B22B45C002B577C /* File.swift */ = {isa = PBXFileReference; fileEncoding = 4; lastKnownFileType = sourcecode.swift; path = File.swift; sourceTree = "<group>"; };
		54620ED72B22B527002B577C /* ZHCockpit-Bridging-Header.h */ = {isa = PBXFileReference; lastKnownFileType = sourcecode.c.h; path = "ZHCockpit-Bridging-Header.h"; sourceTree = "<group>"; };
		A0C8ABE253D9D58AFAB295E8 /* Pods-ZHCockpit.debug.xcconfig */ = {isa = PBXFileReference; includeInIndex = 1; lastKnownFileType = text.xcconfig; name = "Pods-ZHCockpit.debug.xcconfig"; path = "Target Support Files/Pods-ZHCockpit/Pods-ZHCockpit.debug.xcconfig"; sourceTree = "<group>"; };
		DFA16225A54664D831D52218 /* Pods_ZHCockpit.framework */ = {isa = PBXFileReference; explicitFileType = wrapper.framework; includeInIndex = 0; path = Pods_ZHCockpit.framework; sourceTree = BUILT_PRODUCTS_DIR; };
/* End PBXFileReference section */

/* Begin PBXFrameworksBuildPhase section */
		54620E992B22B3CE002B577C /* Frameworks */ = {
			isa = PBXFrameworksBuildPhase;
			buildActionMask = 2147483647;
			files = (
				3018BEB9B5971A8ED59AC2E5 /* Pods_ZHCockpit.framework in Frameworks */,
			);
			runOnlyForDeploymentPostprocessing = 0;
		};
		54620EAF2B22B3CF002B577C /* Frameworks */ = {
			isa = PBXFrameworksBuildPhase;
			buildActionMask = 2147483647;
			files = (
			);
			runOnlyForDeploymentPostprocessing = 0;
		};
		54620EB92B22B3CF002B577C /* Frameworks */ = {
			isa = PBXFrameworksBuildPhase;
			buildActionMask = 2147483647;
			files = (
			);
			runOnlyForDeploymentPostprocessing = 0;
		};
/* End PBXFrameworksBuildPhase section */

/* Begin PBXGroup section */
		4B7B6DEF1A65296B6F876096 /* Frameworks */ = {
			isa = PBXGroup;
			children = (
				DFA16225A54664D831D52218 /* Pods_ZHCockpit.framework */,
			);
			name = Frameworks;
			sourceTree = "<group>";
		};
		54620E932B22B3CE002B577C = {
			isa = PBXGroup;
			children = (
				54620E9E2B22B3CE002B577C /* ZHCockpit */,
				54620EB52B22B3CF002B577C /* ZHCockpitTests */,
				54620EBF2B22B3CF002B577C /* ZHCockpitUITests */,
				54620E9D2B22B3CE002B577C /* Products */,
				9B3B4F2A1E353B29677FA912 /* Pods */,
				4B7B6DEF1A65296B6F876096 /* Frameworks */,
			);
			sourceTree = "<group>";
		};
		54620E9D2B22B3CE002B577C /* Products */ = {
			isa = PBXGroup;
			children = (
				54620E9C2B22B3CE002B577C /* ZHCockpit.app */,
				54620EB22B22B3CF002B577C /* ZHCockpitTests.xctest */,
				54620EBC2B22B3CF002B577C /* ZHCockpitUITests.xctest */,
			);
			name = Products;
			sourceTree = "<group>";
		};
		54620E9E2B22B3CE002B577C /* ZHCockpit */ = {
			isa = PBXGroup;
			children = (
				54620E9F2B22B3CE002B577C /* AppDelegate.swift */,
				54620EA32B22B3CE002B577C /* ViewController.swift */,
				54620ED22B22B3EC002B577C /* safeView */,
				54620ECF2B22B3E3002B577C /* extension */,
				54620ED52B22B45C002B577C /* File.swift */,
				54620EA82B22B3CF002B577C /* Assets.xcassets */,
				54620EAA2B22B3CF002B577C /* LaunchScreen.storyboard */,
				54620EAD2B22B3CF002B577C /* Info.plist */,
				54620ED72B22B527002B577C /* ZHCockpit-Bridging-Header.h */,
			);
			path = ZHCockpit;
			sourceTree = "<group>";
		};
		54620EB52B22B3CF002B577C /* ZHCockpitTests */ = {
			isa = PBXGroup;
			children = (
				54620EB62B22B3CF002B577C /* ZHCockpitTests.swift */,
			);
			path = ZHCockpitTests;
			sourceTree = "<group>";
		};
		54620EBF2B22B3CF002B577C /* ZHCockpitUITests */ = {
			isa = PBXGroup;
			children = (
				54620EC02B22B3CF002B577C /* ZHCockpitUITests.swift */,
				54620EC22B22B3CF002B577C /* ZHCockpitUITestsLaunchTests.swift */,
			);
			path = ZHCockpitUITests;
			sourceTree = "<group>";
		};
		54620ECF2B22B3E3002B577C /* extension */ = {
			isa = PBXGroup;
			children = (
				54620ED02B22B3E3002B577C /* Extension.swift */,
			);
			path = extension;
			sourceTree = "<group>";
		};
		54620ED22B22B3EC002B577C /* safeView */ = {
			isa = PBXGroup;
			children = (
				54620ED32B22B3EC002B577C /* ScreenShieldView.swift */,
			);
			path = safeView;
			sourceTree = "<group>";
		};
		9B3B4F2A1E353B29677FA912 /* Pods */ = {
			isa = PBXGroup;
			children = (
				A0C8ABE253D9D58AFAB295E8 /* Pods-ZHCockpit.debug.xcconfig */,
				1C463DFDA6C49E29513D0D15 /* Pods-ZHCockpit.release.xcconfig */,
			);
			path = Pods;
			sourceTree = "<group>";
		};
/* End PBXGroup section */

/* Begin PBXNativeTarget section */
		54620E9B2B22B3CE002B577C /* ZHCockpit */ = {
			isa = PBXNativeTarget;
			buildConfigurationList = 54620EC62B22B3CF002B577C /* Build configuration list for PBXNativeTarget "ZHCockpit" */;
			buildPhases = (
				A8F4B0411420A96C8CDDB340 /* [CP] Check Pods Manifest.lock */,
				54620E982B22B3CE002B577C /* Sources */,
				54620E992B22B3CE002B577C /* Frameworks */,
				54620E9A2B22B3CE002B577C /* Resources */,
				710E57526CC26A1BE5244E6E /* [CP] Embed Pods Frameworks */,
			);
			buildRules = (
			);
			dependencies = (
			);
			name = ZHCockpit;
			productName = ZHCockpit;
			productReference = 54620E9C2B22B3CE002B577C /* ZHCockpit.app */;
			productType = "com.apple.product-type.application";
		};
		54620EB12B22B3CF002B577C /* ZHCockpitTests */ = {
			isa = PBXNativeTarget;
			buildConfigurationList = 54620EC92B22B3CF002B577C /* Build configuration list for PBXNativeTarget "ZHCockpitTests" */;
			buildPhases = (
				54620EAE2B22B3CF002B577C /* Sources */,
				54620EAF2B22B3CF002B577C /* Frameworks */,
				54620EB02B22B3CF002B577C /* Resources */,
			);
			buildRules = (
			);
			dependencies = (
				54620EB42B22B3CF002B577C /* PBXTargetDependency */,
			);
			name = ZHCockpitTests;
			productName = ZHCockpitTests;
			productReference = 54620EB22B22B3CF002B577C /* ZHCockpitTests.xctest */;
			productType = "com.apple.product-type.bundle.unit-test";
		};
		54620EBB2B22B3CF002B577C /* ZHCockpitUITests */ = {
			isa = PBXNativeTarget;
			buildConfigurationList = 54620ECC2B22B3CF002B577C /* Build configuration list for PBXNativeTarget "ZHCockpitUITests" */;
			buildPhases = (
				54620EB82B22B3CF002B577C /* Sources */,
				54620EB92B22B3CF002B577C /* Frameworks */,
				54620EBA2B22B3CF002B577C /* Resources */,
			);
			buildRules = (
			);
			dependencies = (
				54620EBE2B22B3CF002B577C /* PBXTargetDependency */,
			);
			name = ZHCockpitUITests;
			productName = ZHCockpitUITests;
			productReference = 54620EBC2B22B3CF002B577C /* ZHCockpitUITests.xctest */;
			productType = "com.apple.product-type.bundle.ui-testing";
		};
/* End PBXNativeTarget section */

/* Begin PBXProject section */
		54620E942B22B3CE002B577C /* Project object */ = {
			isa = PBXProject;
			attributes = {
				BuildIndependentTargetsInParallel = 1;
				LastSwiftUpdateCheck = 1420;
				LastUpgradeCheck = 1420;
				TargetAttributes = {
					54620E9B2B22B3CE002B577C = {
						CreatedOnToolsVersion = 14.2;
						LastSwiftMigration = 1420;
					};
					54620EB12B22B3CF002B577C = {
						CreatedOnToolsVersion = 14.2;
						TestTargetID = 54620E9B2B22B3CE002B577C;
					};
					54620EBB2B22B3CF002B577C = {
						CreatedOnToolsVersion = 14.2;
						TestTargetID = 54620E9B2B22B3CE002B577C;
					};
				};
			};
			buildConfigurationList = 54620E972B22B3CE002B577C /* Build configuration list for PBXProject "ZHCockpit" */;
			compatibilityVersion = "Xcode 14.0";
			developmentRegion = en;
			hasScannedForEncodings = 0;
			knownRegions = (
				en,
				Base,
			);
			mainGroup = 54620E932B22B3CE002B577C;
			productRefGroup = 54620E9D2B22B3CE002B577C /* Products */;
			projectDirPath = "";
			projectRoot = "";
			targets = (
				54620E9B2B22B3CE002B577C /* ZHCockpit */,
				54620EB12B22B3CF002B577C /* ZHCockpitTests */,
				54620EBB2B22B3CF002B577C /* ZHCockpitUITests */,
			);
		};
/* End PBXProject section */

/* Begin PBXResourcesBuildPhase section */
		54620E9A2B22B3CE002B577C /* Resources */ = {
			isa = PBXResourcesBuildPhase;
			buildActionMask = 2147483647;
			files = (
				54620EAC2B22B3CF002B577C /* LaunchScreen.storyboard in Resources */,
				54620EA92B22B3CF002B577C /* Assets.xcassets in Resources */,
			);
			runOnlyForDeploymentPostprocessing = 0;
		};
		54620EB02B22B3CF002B577C /* Resources */ = {
			isa = PBXResourcesBuildPhase;
			buildActionMask = 2147483647;
			files = (
			);
			runOnlyForDeploymentPostprocessing = 0;
		};
		54620EBA2B22B3CF002B577C /* Resources */ = {
			isa = PBXResourcesBuildPhase;
			buildActionMask = 2147483647;
			files = (
			);
			runOnlyForDeploymentPostprocessing = 0;
		};
/* End PBXResourcesBuildPhase section */

/* Begin PBXShellScriptBuildPhase section */
		710E57526CC26A1BE5244E6E /* [CP] Embed Pods Frameworks */ = {
			isa = PBXShellScriptBuildPhase;
			buildActionMask = 2147483647;
			files = (
			);
			inputFileListPaths = (
				"${PODS_ROOT}/Target Support Files/Pods-ZHCockpit/Pods-ZHCockpit-frameworks-${CONFIGURATION}-input-files.xcfilelist",
			);
			name = "[CP] Embed Pods Frameworks";
			outputFileListPaths = (
				"${PODS_ROOT}/Target Support Files/Pods-ZHCockpit/Pods-ZHCockpit-frameworks-${CONFIGURATION}-output-files.xcfilelist",
			);
			runOnlyForDeploymentPostprocessing = 0;
			shellPath = /bin/sh;
			shellScript = "\"${PODS_ROOT}/Target Support Files/Pods-ZHCockpit/Pods-ZHCockpit-frameworks.sh\"\n";
			showEnvVarsInLog = 0;
		};
		A8F4B0411420A96C8CDDB340 /* [CP] Check Pods Manifest.lock */ = {
			isa = PBXShellScriptBuildPhase;
			buildActionMask = 2147483647;
			files = (
			);
			inputFileListPaths = (
			);
			inputPaths = (
				"${PODS_PODFILE_DIR_PATH}/Podfile.lock",
				"${PODS_ROOT}/Manifest.lock",
			);
			name = "[CP] Check Pods Manifest.lock";
			outputFileListPaths = (
			);
			outputPaths = (
				"$(DERIVED_FILE_DIR)/Pods-ZHCockpit-checkManifestLockResult.txt",
			);
			runOnlyForDeploymentPostprocessing = 0;
			shellPath = /bin/sh;
			shellScript = "diff \"${PODS_PODFILE_DIR_PATH}/Podfile.lock\" \"${PODS_ROOT}/Manifest.lock\" > /dev/null\nif [ $? != 0 ] ; then\n    # print error to STDERR\n    echo \"error: The sandbox is not in sync with the Podfile.lock. Run 'pod install' or update your CocoaPods installation.\" >&2\n    exit 1\nfi\n# This output is used by Xcode 'outputs' to avoid re-running this script phase.\necho \"SUCCESS\" > \"${SCRIPT_OUTPUT_FILE_0}\"\n";
			showEnvVarsInLog = 0;
		};
/* End PBXShellScriptBuildPhase section */

/* Begin PBXSourcesBuildPhase section */
		54620E982B22B3CE002B577C /* Sources */ = {
			isa = PBXSourcesBuildPhase;
			buildActionMask = 2147483647;
			files = (
				54620ED62B22B45D002B577C /* File.swift in Sources */,
				54620EA42B22B3CE002B577C /* ViewController.swift in Sources */,
				54620EA02B22B3CE002B577C /* AppDelegate.swift in Sources */,
				54620ED12B22B3E3002B577C /* Extension.swift in Sources */,
				54620ED42B22B3EC002B577C /* ScreenShieldView.swift in Sources */,
			);
			runOnlyForDeploymentPostprocessing = 0;
		};
		54620EAE2B22B3CF002B577C /* Sources */ = {
			isa = PBXSourcesBuildPhase;
			buildActionMask = 2147483647;
			files = (
				54620EB72B22B3CF002B577C /* ZHCockpitTests.swift in Sources */,
			);
			runOnlyForDeploymentPostprocessing = 0;
		};
		54620EB82B22B3CF002B577C /* Sources */ = {
			isa = PBXSourcesBuildPhase;
			buildActionMask = 2147483647;
			files = (
				54620EC32B22B3CF002B577C /* ZHCockpitUITestsLaunchTests.swift in Sources */,
				54620EC12B22B3CF002B577C /* ZHCockpitUITests.swift in Sources */,
			);
			runOnlyForDeploymentPostprocessing = 0;
		};
/* End PBXSourcesBuildPhase section */

/* Begin PBXTargetDependency section */
		54620EB42B22B3CF002B577C /* PBXTargetDependency */ = {
			isa = PBXTargetDependency;
			target = 54620E9B2B22B3CE002B577C /* ZHCockpit */;
			targetProxy = 54620EB32B22B3CF002B577C /* PBXContainerItemProxy */;
		};
		54620EBE2B22B3CF002B577C /* PBXTargetDependency */ = {
			isa = PBXTargetDependency;
			target = 54620E9B2B22B3CE002B577C /* ZHCockpit */;
			targetProxy = 54620EBD2B22B3CF002B577C /* PBXContainerItemProxy */;
		};
/* End PBXTargetDependency section */

/* Begin PBXVariantGroup section */
		54620EAA2B22B3CF002B577C /* LaunchScreen.storyboard */ = {
			isa = PBXVariantGroup;
			children = (
				54620EAB2B22B3CF002B577C /* Base */,
			);
			name = LaunchScreen.storyboard;
			sourceTree = "<group>";
		};
/* End PBXVariantGroup section */

/* Begin XCBuildConfiguration section */
		54620EC42B22B3CF002B577C /* Debug */ = {
			isa = XCBuildConfiguration;
			buildSettings = {
				ALWAYS_SEARCH_USER_PATHS = NO;
				CLANG_ANALYZER_NONNULL = YES;
				CLANG_ANALYZER_NUMBER_OBJECT_CONVERSION = YES_AGGRESSIVE;
				CLANG_CXX_LANGUAGE_STANDARD = "gnu++20";
				CLANG_ENABLE_MODULES = YES;
				CLANG_ENABLE_OBJC_ARC = YES;
				CLANG_ENABLE_OBJC_WEAK = YES;
				CLANG_WARN_BLOCK_CAPTURE_AUTORELEASING = YES;
				CLANG_WARN_BOOL_CONVERSION = YES;
				CLANG_WARN_COMMA = YES;
				CLANG_WARN_CONSTANT_CONVERSION = YES;
				CLANG_WARN_DEPRECATED_OBJC_IMPLEMENTATIONS = YES;
				CLANG_WARN_DIRECT_OBJC_ISA_USAGE = YES_ERROR;
				CLANG_WARN_DOCUMENTATION_COMMENTS = YES;
				CLANG_WARN_EMPTY_BODY = YES;
				CLANG_WARN_ENUM_CONVERSION = YES;
				CLANG_WARN_INFINITE_RECURSION = YES;
				CLANG_WARN_INT_CONVERSION = YES;
				CLANG_WARN_NON_LITERAL_NULL_CONVERSION = YES;
				CLANG_WARN_OBJC_IMPLICIT_RETAIN_SELF = YES;
				CLANG_WARN_OBJC_LITERAL_CONVERSION = YES;
				CLANG_WARN_OBJC_ROOT_CLASS = YES_ERROR;
				CLANG_WARN_QUOTED_INCLUDE_IN_FRAMEWORK_HEADER = YES;
				CLANG_WARN_RANGE_LOOP_ANALYSIS = YES;
				CLANG_WARN_STRICT_PROTOTYPES = YES;
				CLANG_WARN_SUSPICIOUS_MOVE = YES;
				CLANG_WARN_UNGUARDED_AVAILABILITY = YES_AGGRESSIVE;
				CLANG_WARN_UNREACHABLE_CODE = YES;
				CLANG_WARN__DUPLICATE_METHOD_MATCH = YES;
				COPY_PHASE_STRIP = NO;
				DEBUG_INFORMATION_FORMAT = dwarf;
				ENABLE_STRICT_OBJC_MSGSEND = YES;
				ENABLE_TESTABILITY = YES;
				GCC_C_LANGUAGE_STANDARD = gnu11;
				GCC_DYNAMIC_NO_PIC = NO;
				GCC_NO_COMMON_BLOCKS = YES;
				GCC_OPTIMIZATION_LEVEL = 0;
				GCC_PREPROCESSOR_DEFINITIONS = (
					"DEBUG=1",
					"$(inherited)",
				);
				GCC_WARN_64_TO_32_BIT_CONVERSION = YES;
				GCC_WARN_ABOUT_RETURN_TYPE = YES_ERROR;
				GCC_WARN_UNDECLARED_SELECTOR = YES;
				GCC_WARN_UNINITIALIZED_AUTOS = YES_AGGRESSIVE;
				GCC_WARN_UNUSED_FUNCTION = YES;
				GCC_WARN_UNUSED_VARIABLE = YES;
				IPHONEOS_DEPLOYMENT_TARGET = 11.0;
				MTL_ENABLE_DEBUG_INFO = INCLUDE_SOURCE;
				MTL_FAST_MATH = YES;
				ONLY_ACTIVE_ARCH = YES;
				SDKROOT = iphoneos;
				SWIFT_ACTIVE_COMPILATION_CONDITIONS = DEBUG;
				SWIFT_OPTIMIZATION_LEVEL = "-Onone";
			};
			name = Debug;
		};
		54620EC52B22B3CF002B577C /* Release */ = {
			isa = XCBuildConfiguration;
			buildSettings = {
				ALWAYS_SEARCH_USER_PATHS = NO;
				CLANG_ANALYZER_NONNULL = YES;
				CLANG_ANALYZER_NUMBER_OBJECT_CONVERSION = YES_AGGRESSIVE;
				CLANG_CXX_LANGUAGE_STANDARD = "gnu++20";
				CLANG_ENABLE_MODULES = YES;
				CLANG_ENABLE_OBJC_ARC = YES;
				CLANG_ENABLE_OBJC_WEAK = YES;
				CLANG_WARN_BLOCK_CAPTURE_AUTORELEASING = YES;
				CLANG_WARN_BOOL_CONVERSION = YES;
				CLANG_WARN_COMMA = YES;
				CLANG_WARN_CONSTANT_CONVERSION = YES;
				CLANG_WARN_DEPRECATED_OBJC_IMPLEMENTATIONS = YES;
				CLANG_WARN_DIRECT_OBJC_ISA_USAGE = YES_ERROR;
				CLANG_WARN_DOCUMENTATION_COMMENTS = YES;
				CLANG_WARN_EMPTY_BODY = YES;
				CLANG_WARN_ENUM_CONVERSION = YES;
				CLANG_WARN_INFINITE_RECURSION = YES;
				CLANG_WARN_INT_CONVERSION = YES;
				CLANG_WARN_NON_LITERAL_NULL_CONVERSION = YES;
				CLANG_WARN_OBJC_IMPLICIT_RETAIN_SELF = YES;
				CLANG_WARN_OBJC_LITERAL_CONVERSION = YES;
				CLANG_WARN_OBJC_ROOT_CLASS = YES_ERROR;
				CLANG_WARN_QUOTED_INCLUDE_IN_FRAMEWORK_HEADER = YES;
				CLANG_WARN_RANGE_LOOP_ANALYSIS = YES;
				CLANG_WARN_STRICT_PROTOTYPES = YES;
				CLANG_WARN_SUSPICIOUS_MOVE = YES;
				CLANG_WARN_UNGUARDED_AVAILABILITY = YES_AGGRESSIVE;
				CLANG_WARN_UNREACHABLE_CODE = YES;
				CLANG_WARN__DUPLICATE_METHOD_MATCH = YES;
				COPY_PHASE_STRIP = NO;
				DEBUG_INFORMATION_FORMAT = "dwarf-with-dsym";
				ENABLE_NS_ASSERTIONS = NO;
				ENABLE_STRICT_OBJC_MSGSEND = YES;
				GCC_C_LANGUAGE_STANDARD = gnu11;
				GCC_NO_COMMON_BLOCKS = YES;
				GCC_WARN_64_TO_32_BIT_CONVERSION = YES;
				GCC_WARN_ABOUT_RETURN_TYPE = YES_ERROR;
				GCC_WARN_UNDECLARED_SELECTOR = YES;
				GCC_WARN_UNINITIALIZED_AUTOS = YES_AGGRESSIVE;
				GCC_WARN_UNUSED_FUNCTION = YES;
				GCC_WARN_UNUSED_VARIABLE = YES;
				IPHONEOS_DEPLOYMENT_TARGET = 11.0;
				MTL_ENABLE_DEBUG_INFO = NO;
				MTL_FAST_MATH = YES;
				SDKROOT = iphoneos;
				SWIFT_COMPILATION_MODE = wholemodule;
				SWIFT_OPTIMIZATION_LEVEL = "-O";
				VALIDATE_PRODUCT = YES;
			};
			name = Release;
		};
		54620EC72B22B3CF002B577C /* Debug */ = {
			isa = XCBuildConfiguration;
			baseConfigurationReference = A0C8ABE253D9D58AFAB295E8 /* Pods-ZHCockpit.debug.xcconfig */;
			buildSettings = {
				ASSETCATALOG_COMPILER_APPICON_NAME = AppIcon;
				ASSETCATALOG_COMPILER_GLOBAL_ACCENT_COLOR_NAME = AccentColor;
				CLANG_ENABLE_MODULES = YES;
				"CODE_SIGN_IDENTITY[sdk=iphoneos*]" = "iPhone Developer";
				CODE_SIGN_STYLE = Manual;
				CURRENT_PROJECT_VERSION = 1;
				DEVELOPMENT_TEAM = "";
				"DEVELOPMENT_TEAM[sdk=iphoneos*]" = 8G8AN2HUUD;
				GENERATE_INFOPLIST_FILE = YES;
				INFOPLIST_FILE = ZHCockpit/Info.plist;
				INFOPLIST_KEY_NSPhotoLibraryUsageDescription = "App需要您的同意，才能访问相册";
				INFOPLIST_KEY_UIApplicationSupportsIndirectInputEvents = YES;
				INFOPLIST_KEY_UILaunchStoryboardName = LaunchScreen.storyboard;
				INFOPLIST_KEY_UIRequiresFullScreen = YES;
				INFOPLIST_KEY_UISupportedInterfaceOrientations = UIInterfaceOrientationPortrait;
				INFOPLIST_KEY_UISupportedInterfaceOrientations_iPad = "UIInterfaceOrientationLandscapeLeft UIInterfaceOrientationLandscapeRight UIInterfaceOrientationPortrait UIInterfaceOrientationPortraitUpsideDown";
				IPHONEOS_DEPLOYMENT_TARGET = 11.0;
				LD_RUNPATH_SEARCH_PATHS = (
					"$(inherited)",
					"@executable_path/Frameworks",
				);
				MARKETING_VERSION = 1.0;
				PRODUCT_BUNDLE_IDENTIFIER = com.nfeuapp.test;
				PRODUCT_NAME = "$(TARGET_NAME)";
				PROVISIONING_PROFILE_SPECIFIER = "";
				"PROVISIONING_PROFILE_SPECIFIER[sdk=iphoneos*]" = "nfeuApp2023-test";
				SWIFT_EMIT_LOC_STRINGS = YES;
				SWIFT_OBJC_BRIDGING_HEADER = "ZHCockpit/ZHCockpit-Bridging-Header.h";
				SWIFT_OPTIMIZATION_LEVEL = "-Onone";
				SWIFT_VERSION = 5.0;
				TARGETED_DEVICE_FAMILY = "1,2";
			};
			name = Debug;
		};
		54620EC82B22B3CF002B577C /* Release */ = {
			isa = XCBuildConfiguration;
			baseConfigurationReference = 1C463DFDA6C49E29513D0D15 /* Pods-ZHCockpit.release.xcconfig */;
			buildSettings = {
				ASSETCATALOG_COMPILER_APPICON_NAME = AppIcon;
				ASSETCATALOG_COMPILER_GLOBAL_ACCENT_COLOR_NAME = AccentColor;
				CLANG_ENABLE_MODULES = YES;
				"CODE_SIGN_IDENTITY[sdk=iphoneos*]" = "iPhone Distribution";
				CODE_SIGN_STYLE = Manual;
				CURRENT_PROJECT_VERSION = 1;
				DEVELOPMENT_TEAM = "";
				"DEVELOPMENT_TEAM[sdk=iphoneos*]" = 8G8AN2HUUD;
				GENERATE_INFOPLIST_FILE = YES;
				INFOPLIST_FILE = ZHCockpit/Info.plist;
				INFOPLIST_KEY_NSPhotoLibraryUsageDescription = "App需要您的同意，才能访问相册";
				INFOPLIST_KEY_UIApplicationSupportsIndirectInputEvents = YES;
				INFOPLIST_KEY_UILaunchStoryboardName = LaunchScreen.storyboard;
				INFOPLIST_KEY_UIRequiresFullScreen = YES;
				INFOPLIST_KEY_UISupportedInterfaceOrientations = UIInterfaceOrientationPortrait;
				INFOPLIST_KEY_UISupportedInterfaceOrientations_iPad = "UIInterfaceOrientationLandscapeLeft UIInterfaceOrientationLandscapeRight UIInterfaceOrientationPortrait UIInterfaceOrientationPortraitUpsideDown";
				IPHONEOS_DEPLOYMENT_TARGET = 11.0;
				LD_RUNPATH_SEARCH_PATHS = (
					"$(inherited)",
					"@executable_path/Frameworks",
				);
				MARKETING_VERSION = 1.0;
				PRODUCT_BUNDLE_IDENTIFIER = com.nfeuapp.test;
				PRODUCT_NAME = "$(TARGET_NAME)";
				PROVISIONING_PROFILE_SPECIFIER = "";
				"PROVISIONING_PROFILE_SPECIFIER[sdk=iphoneos*]" = "nfeuApp2023-test_sit";
				SWIFT_EMIT_LOC_STRINGS = YES;
				SWIFT_OBJC_BRIDGING_HEADER = "ZHCockpit/ZHCockpit-Bridging-Header.h";
				SWIFT_VERSION = 5.0;
				TARGETED_DEVICE_FAMILY = "1,2";
			};
			name = Release;
		};
		54620ECA2B22B3CF002B577C /* Debug */ = {
			isa = XCBuildConfiguration;
			buildSettings = {
				ALWAYS_EMBED_SWIFT_STANDARD_LIBRARIES = YES;
				BUNDLE_LOADER = "$(TEST_HOST)";
				CODE_SIGN_STYLE = Automatic;
				CURRENT_PROJECT_VERSION = 1;
				GENERATE_INFOPLIST_FILE = YES;
				IPHONEOS_DEPLOYMENT_TARGET = 16.2;
				MARKETING_VERSION = 1.0;
				PRODUCT_BUNDLE_IDENTIFIER = com.nfeuapp.test.ZHCockpitTests;
				PRODUCT_NAME = "$(TARGET_NAME)";
				SWIFT_EMIT_LOC_STRINGS = NO;
				SWIFT_VERSION = 5.0;
				TARGETED_DEVICE_FAMILY = "1,2";
				TEST_HOST = "$(BUILT_PRODUCTS_DIR)/ZHCockpit.app/$(BUNDLE_EXECUTABLE_FOLDER_PATH)/ZHCockpit";
			};
			name = Debug;
		};
		54620ECB2B22B3CF002B577C /* Release */ = {
			isa = XCBuildConfiguration;
			buildSettings = {
				ALWAYS_EMBED_SWIFT_STANDARD_LIBRARIES = YES;
				BUNDLE_LOADER = "$(TEST_HOST)";
				CODE_SIGN_STYLE = Automatic;
				CURRENT_PROJECT_VERSION = 1;
				GENERATE_INFOPLIST_FILE = YES;
				IPHONEOS_DEPLOYMENT_TARGET = 16.2;
				MARKETING_VERSION = 1.0;
				PRODUCT_BUNDLE_IDENTIFIER = com.nfeuapp.test.ZHCockpitTests;
				PRODUCT_NAME = "$(TARGET_NAME)";
				SWIFT_EMIT_LOC_STRINGS = NO;
				SWIFT_VERSION = 5.0;
				TARGETED_DEVICE_FAMILY = "1,2";
				TEST_HOST = "$(BUILT_PRODUCTS_DIR)/ZHCockpit.app/$(BUNDLE_EXECUTABLE_FOLDER_PATH)/ZHCockpit";
			};
			name = Release;
		};
		54620ECD2B22B3CF002B577C /* Debug */ = {
			isa = XCBuildConfiguration;
			buildSettings = {
				ALWAYS_EMBED_SWIFT_STANDARD_LIBRARIES = YES;
				CODE_SIGN_STYLE = Automatic;
				CURRENT_PROJECT_VERSION = 1;
				GENERATE_INFOPLIST_FILE = YES;
				MARKETING_VERSION = 1.0;
				PRODUCT_BUNDLE_IDENTIFIER = com.nfeuapp.test.ZHCockpitUITests;
				PRODUCT_NAME = "$(TARGET_NAME)";
				SWIFT_EMIT_LOC_STRINGS = NO;
				SWIFT_VERSION = 5.0;
				TARGETED_DEVICE_FAMILY = "1,2";
				TEST_TARGET_NAME = ZHCockpit;
			};
			name = Debug;
		};
		54620ECE2B22B3CF002B577C /* Release */ = {
			isa = XCBuildConfiguration;
			buildSettings = {
				ALWAYS_EMBED_SWIFT_STANDARD_LIBRARIES = YES;
				CODE_SIGN_STYLE = Automatic;
				CURRENT_PROJECT_VERSION = 1;
				GENERATE_INFOPLIST_FILE = YES;
				MARKETING_VERSION = 1.0;
				PRODUCT_BUNDLE_IDENTIFIER = com.nfeuapp.test.ZHCockpitUITests;
				PRODUCT_NAME = "$(TARGET_NAME)";
				SWIFT_EMIT_LOC_STRINGS = NO;
				SWIFT_VERSION = 5.0;
				TARGETED_DEVICE_FAMILY = "1,2";
				TEST_TARGET_NAME = ZHCockpit;
			};
			name = Release;
		};
/* End XCBuildConfiguration section */

/* Begin XCConfigurationList section */
		54620E972B22B3CE002B577C /* Build configuration list for PBXProject "ZHCockpit" */ = {
			isa = XCConfigurationList;
			buildConfigurations = (
				54620EC42B22B3CF002B577C /* Debug */,
				54620EC52B22B3CF002B577C /* Release */,
			);
			defaultConfigurationIsVisible = 0;
			defaultConfigurationName = Release;
		};
		54620EC62B22B3CF002B577C /* Build configuration list for PBXNativeTarget "ZHCockpit" */ = {
			isa = XCConfigurationList;
			buildConfigurations = (
				54620EC72B22B3CF002B577C /* Debug */,
				54620EC82B22B3CF002B577C /* Release */,
			);
			defaultConfigurationIsVisible = 0;
			defaultConfigurationName = Release;
		};
		54620EC92B22B3CF002B577C /* Build configuration list for PBXNativeTarget "ZHCockpitTests" */ = {
			isa = XCConfigurationList;
			buildConfigurations = (
				54620ECA2B22B3CF002B577C /* Debug */,
				54620ECB2B22B3CF002B577C /* Release */,
			);
			defaultConfigurationIsVisible = 0;
			defaultConfigurationName = Release;
		};
		54620ECC2B22B3CF002B577C /* Build configuration list for PBXNativeTarget "ZHCockpitUITests" */ = {
			isa = XCConfigurationList;
			buildConfigurations = (
				54620ECD2B22B3CF002B577C /* Debug */,
				54620ECE2B22B3CF002B577C /* Release */,
			);
			defaultConfigurationIsVisible = 0;
			defaultConfigurationName = Release;
		};
/* End XCConfigurationList section */
	};
	rootObject = 54620E942B22B3CE002B577C /* Project object */;
}
